{
  "version": 4,
  "terraform_version": "0.12.20",
  "serial": 3,
  "lineage": "7865f959-34ac-8fee-83a7-9c2753d8b747",
  "outputs": {},
  "resources": [
    {
      "mode": "managed",
      "type": "google_container_cluster",
      "name": "gke-cluster",
      "provider": "provider.google",
      "instances": [
        {
          "schema_version": 1,
          "attributes": {
            "additional_zones": [],
            "addons_config": [
              {
                "horizontal_pod_autoscaling": [],
                "http_load_balancing": [],
                "kubernetes_dashboard": [],
                "network_policy_config": [
                  {
                    "disabled": true
                  }
                ]
              }
            ],
            "authenticator_groups_config": [],
            "cluster_autoscaling": [
              {
                "auto_provisioning_defaults": [],
                "enabled": false,
                "resource_limits": []
              }
            ],
            "cluster_ipv4_cidr": "10.20.0.0/14",
            "default_max_pods_per_node": 110,
            "description": "",
            "enable_binary_authorization": false,
            "enable_intranode_visibility": null,
            "enable_kubernetes_alpha": false,
            "enable_legacy_abac": false,
            "enable_tpu": null,
            "endpoint": "104.199.18.28",
            "id": "projects/project-exchange-rate/locations/europe-west1-b/clusters/jsdrome-cluster",
            "initial_node_count": 1,
            "instance_group_urls": [
              "https://www.googleapis.com/compute/v1/projects/project-exchange-rate/zones/europe-west1-b/instanceGroups/gke-jsdrome-cluster-default-pool-f43a8572-grp"
            ],
            "ip_allocation_policy": [],
            "location": "europe-west1-b",
            "logging_service": "logging.googleapis.com/kubernetes",
            "maintenance_policy": [],
            "master_auth": [
              {
                "client_certificate": "",
                "client_certificate_config": [
                  {
                    "issue_client_certificate": false
                  }
                ],
                "client_key": "",
                "cluster_ca_certificate": "LS0tLS1CRUdJTiBDRVJUSUZJQ0FURS0tLS0tCk1JSURDekNDQWZPZ0F3SUJBZ0lRR1NPMHk2TVo4M1d4bHFHY0M5UUoyREFOQmdrcWhraUc5dzBCQVFzRkFEQXYKTVMwd0t3WURWUVFERXlSaE1ESTNPREU0T0Mwd056UXlMVFJpWVdJdE9EUTJNUzAyWXpWak1EWXdOREF5T0RRdwpIaGNOTWpBd01qQXhNRFkwTmpRNVdoY05NalV3TVRNd01EYzBOalE1V2pBdk1TMHdLd1lEVlFRREV5UmhNREkzCk9ERTRPQzB3TnpReUxUUmlZV0l0T0RRMk1TMDJZelZqTURZd05EQXlPRFF3Z2dFaU1BMEdDU3FHU0liM0RRRUIKQVFVQUE0SUJEd0F3Z2dFS0FvSUJBUUNrSFZBM0VLZnJPMFl3cEVVNXg0WHZxcVNJVEo2Q3ZaTkJjdE9YTEFibgpEWndkRWhtVnMwQ1ZLVk05aVV5WjNqUy9Yck9ESGRqcnI5QlhoblVwMzIyaUtwdkdGTVNGQTI0a0ZXcTAzNkVLCjN5d05NWTVjSThJU2RIcmRzcCtRK21DMGV0N0IzU3lHblc0YUI5TnMxSFkvZTRRRWRvWlJlV1BLRHJoWjBNV3MKQXVZd3pWVUNoV0Nic01FWXNlNVpZb2VYVHRVaTZWZjlTQjhJcGhmeDI3VGdFcjZDWlR6a1dxdnpHMHZhem1MbAo0U1dSdXNwYU1CUmNFaGZYTVYrWW5aTWxkNWpKbHd3UFBSQi9ubXFpd1ZuZDA2b0xuWDJyV2Q2R3Y0MlE5Qk1iCjVmbXJYenZPcHNBYzBsVTFyN3Fob29ZMHFMQlB1Vnh3Qm1nZmtOUWI1VjVWQWdNQkFBR2pJekFoTUE0R0ExVWQKRHdFQi93UUVBd0lDQkRBUEJnTlZIUk1CQWY4RUJUQURBUUgvTUEwR0NTcUdTSWIzRFFFQkN3VUFBNElCQVFBbwowOWV3REN0NVI2U1hLaHJXbkQ1SlovUFk1ZThPc0YydWRReEsxMEthS2dQelYzR2tKMFFJRmdDUHV3czlWTUxJCnpteUxYZ3Iyb205cDBETkFrcmhXellYYXZxc2xvYVRieWIvYk5Rb2E5WHltQkVKVEh2dWxscmFkd0l0SXZMVE4KY2ZQRktGTzVCVk5jOUcyZUdqSHV4Nkw5ODdBaUJQclBTTHQrbEpEYlRpdVpHVlJSdFhoMmlmNkF2TWtQalRaWgo2bjhsV0NCaHI2cGRyOEFUa1BmaDM5UjZMRTh6WldVT2lXZUdrbEpMNER4S2N3UnRLdk92eVJpdGJZU1JTdlhMCksxd1VKNlZERjRCeWE1ci9uak15TlFYREU1ZXNzNXg1NVcyUmFPM3RwNmNCc0IvV0NOUURHTWIrTmZiRTdINisKMEkvLzVwZmZtMGlFS3JWak5hNEMKLS0tLS1FTkQgQ0VSVElGSUNBVEUtLS0tLQo=",
                "password": "",
                "username": ""
              }
            ],
            "master_authorized_networks_config": [],
            "master_version": "1.13.11-gke.23",
            "min_master_version": null,
            "monitoring_service": "monitoring.googleapis.com/kubernetes",
            "name": "jsdrome-cluster",
            "network": "projects/project-exchange-rate/global/networks/default",
            "network_policy": [
              {
                "enabled": false,
                "provider": "PROVIDER_UNSPECIFIED"
              }
            ],
            "node_config": [
              {
                "disk_size_gb": 100,
                "disk_type": "pd-standard",
                "guest_accelerator": [],
                "image_type": "COS",
                "labels": {},
                "local_ssd_count": 0,
                "machine_type": "n1-standard-1",
                "metadata": {
                  "disable-legacy-endpoints": "true"
                },
                "min_cpu_platform": "",
                "oauth_scopes": [
                  "https://www.googleapis.com/auth/devstorage.read_only",
                  "https://www.googleapis.com/auth/logging.write",
                  "https://www.googleapis.com/auth/monitoring",
                  "https://www.googleapis.com/auth/service.management.readonly",
                  "https://www.googleapis.com/auth/servicecontrol",
                  "https://www.googleapis.com/auth/trace.append"
                ],
                "preemptible": false,
                "sandbox_config": [],
                "service_account": "default",
                "shielded_instance_config": [
                  {
                    "enable_integrity_monitoring": true,
                    "enable_secure_boot": false
                  }
                ],
                "tags": [],
                "taint": [],
                "workload_metadata_config": []
              }
            ],
            "node_locations": [],
            "node_pool": [
              {
                "autoscaling": [],
                "initial_node_count": 1,
                "instance_group_urls": [
                  "https://www.googleapis.com/compute/v1/projects/project-exchange-rate/zones/europe-west1-b/instanceGroupManagers/gke-jsdrome-cluster-default-pool-f43a8572-grp"
                ],
                "management": [
                  {
                    "auto_repair": false,
                    "auto_upgrade": true
                  }
                ],
                "max_pods_per_node": 0,
                "name": "default-pool",
                "name_prefix": "",
                "node_config": [
                  {
                    "disk_size_gb": 100,
                    "disk_type": "pd-standard",
                    "guest_accelerator": [],
                    "image_type": "COS",
                    "labels": {},
                    "local_ssd_count": 0,
                    "machine_type": "n1-standard-1",
                    "metadata": {
                      "disable-legacy-endpoints": "true"
                    },
                    "min_cpu_platform": "",
                    "oauth_scopes": [
                      "https://www.googleapis.com/auth/devstorage.read_only",
                      "https://www.googleapis.com/auth/logging.write",
                      "https://www.googleapis.com/auth/monitoring",
                      "https://www.googleapis.com/auth/service.management.readonly",
                      "https://www.googleapis.com/auth/servicecontrol",
                      "https://www.googleapis.com/auth/trace.append"
                    ],
                    "preemptible": false,
                    "sandbox_config": [],
                    "service_account": "default",
                    "shielded_instance_config": [
                      {
                        "enable_integrity_monitoring": true,
                        "enable_secure_boot": false
                      }
                    ],
                    "tags": [],
                    "taint": [],
                    "workload_metadata_config": []
                  }
                ],
                "node_count": 1,
                "version": "1.13.11-gke.23"
              }
            ],
            "node_version": "1.13.11-gke.23",
            "operation": null,
            "pod_security_policy_config": null,
            "private_cluster_config": [],
            "project": "project-exchange-rate",
            "region": null,
            "remove_default_node_pool": null,
            "resource_labels": null,
            "services_ipv4_cidr": "10.23.240.0/20",
            "subnetwork": "projects/project-exchange-rate/regions/europe-west1/subnetworks/default",
            "timeouts": null,
            "vertical_pod_autoscaling": [],
            "zone": null
          },
          "private": "eyJlMmJmYjczMC1lY2FhLTExZTYtOGY4OC0zNDM2M2JjN2M0YzAiOnsiY3JlYXRlIjoyNDAwMDAwMDAwMDAwLCJkZWxldGUiOjI0MDAwMDAwMDAwMDAsInVwZGF0ZSI6MzYwMDAwMDAwMDAwMH0sInNjaGVtYV92ZXJzaW9uIjoiMSJ9"
        }
      ]
    },
    {
      "mode": "managed",
      "type": "google_container_node_pool",
      "name": "extra-pool",
      "provider": "provider.google",
      "instances": [
        {
          "schema_version": 1,
          "attributes": {
            "autoscaling": [],
            "cluster": "jsdrome-cluster",
            "id": "projects/project-exchange-rate/locations/europe-west1-b/clusters/jsdrome-cluster/nodePools/extra-node-pool",
            "initial_node_count": 3,
            "instance_group_urls": [
              "https://www.googleapis.com/compute/v1/projects/project-exchange-rate/zones/europe-west1-b/instanceGroupManagers/gke-jsdrome-cluster-extra-node-pool-27baac00-grp"
            ],
            "location": "europe-west1-b",
            "management": [
              {
                "auto_repair": false,
                "auto_upgrade": true
              }
            ],
            "max_pods_per_node": null,
            "name": "extra-node-pool",
            "name_prefix": "",
            "node_config": [
              {
                "disk_size_gb": 100,
                "disk_type": "pd-standard",
                "guest_accelerator": [],
                "image_type": "COS",
                "labels": {},
                "local_ssd_count": 0,
                "machine_type": "n1-standard-1",
                "metadata": {
                  "disable-legacy-endpoints": "true"
                },
                "min_cpu_platform": "",
                "oauth_scopes": [
                  "https://www.googleapis.com/auth/devstorage.read_only",
                  "https://www.googleapis.com/auth/logging.write",
                  "https://www.googleapis.com/auth/monitoring",
                  "https://www.googleapis.com/auth/service.management.readonly",
                  "https://www.googleapis.com/auth/servicecontrol",
                  "https://www.googleapis.com/auth/trace.append"
                ],
                "preemptible": false,
                "sandbox_config": [],
                "service_account": "default",
                "shielded_instance_config": [
                  {
                    "enable_integrity_monitoring": true,
                    "enable_secure_boot": false
                  }
                ],
                "tags": [],
                "taint": [],
                "workload_metadata_config": []
              }
            ],
            "node_count": 3,
            "project": "project-exchange-rate",
            "region": null,
            "timeouts": null,
            "version": "1.13.11-gke.23",
            "zone": null
          },
          "private": "eyJlMmJmYjczMC1lY2FhLTExZTYtOGY4OC0zNDM2M2JjN2M0YzAiOnsiY3JlYXRlIjoxODAwMDAwMDAwMDAwLCJkZWxldGUiOjE4MDAwMDAwMDAwMDAsInVwZGF0ZSI6MTgwMDAwMDAwMDAwMH0sInNjaGVtYV92ZXJzaW9uIjoiMSJ9",
          "dependencies": [
            "google_container_cluster.gke-cluster"
          ]
        }
      ]
    }
  ]
}
